
Microsoft Visual Studio Solution File, Format Version 12.00
# Visual Studio 15
VisualStudioVersion = 15.0.26730.3
MinimumVisualStudioVersion = 10.0.40219.1
Project("{9A19103F-16F7-4668-BE54-9A1E7A4F7556}") = "BitlyHelperCore", "BitLyHelper\BitlyHelperCore.csproj", "{471CFE3D-CEA6-41FC-9A19-9972615AF2B8}"
EndProject
Project("{9A19103F-16F7-4668-BE54-9A1E7A4F7556}") = "shelltwitlibCore", "shelltwitlib\shelltwitlibCore.csproj", "{451AF879-F81C-4076-8FB2-F1B78BFF0BDD}"
EndProject
Project("{9A19103F-16F7-4668-BE54-9A1E7A4F7556}") = "shelltwitCore", "shelltwit\shelltwitCore.csproj", "{6EC24667-0A7A-4D7D-BC38-2F8665DDB991}"
EndProject
Global
	GlobalSection(SolutionConfigurationPlatforms) = preSolution
		Debug|Any CPU = Debug|Any CPU
		Release|Any CPU = Release|Any CPU
	EndGlobalSection
	GlobalSection(ProjectConfigurationPlatforms) = postSolution
		{471CFE3D-CEA6-41FC-9A19-9972615AF2B8}.Debug|Any CPU.ActiveCfg = Debug|Any CPU
		{471CFE3D-CEA6-41FC-9A19-9972615AF2B8}.Debug|Any CPU.Build.0 = Debug|Any CPU
		{471CFE3D-CEA6-41FC-9A19-9972615AF2B8}.Release|Any CPU.ActiveCfg = Release|Any CPU
		{471CFE3D-CEA6-41FC-9A19-9972615AF2B8}.Release|Any CPU.Build.0 = Release|Any CPU
		{451AF879-F81C-4076-8FB2-F1B78BFF0BDD}.Debug|Any CPU.ActiveCfg = Debug|Any CPU
		{451AF879-F81C-4076-8FB2-F1B78BFF0BDD}.Debug|Any CPU.Build.0 = Debug|Any CPU
		{451AF879-F81C-4076-8FB2-F1B78BFF0BDD}.Release|Any CPU.ActiveCfg = Release|Any CPU
		{451AF879-F81C-4076-8FB2-F1B78BFF0BDD}.Release|Any CPU.Build.0 = Release|Any CPU
		{6EC24667-0A7A-4D7D-BC38-2F8665DDB991}.Debug|Any CPU.ActiveCfg = Debug|Any CPU
		{6EC24667-0A7A-4D7D-BC38-2F8665DDB991}.Debug|Any CPU.Build.0 = Debug|Any CPU
		{6EC24667-0A7A-4D7D-BC38-2F8665DDB991}.Release|Any CPU.ActiveCfg = Release|Any CPU
		{6EC24667-0A7A-4D7D-BC38-2F8665DDB991}.Release|Any CPU.Build.0 = Release|Any CPU
	EndGlobalSection
	GlobalSection(SolutionProperties) = preSolution
		HideSolutionNode = FALSE
	EndGlobalSection
	GlobalSection(ExtensibilityGlobals) = postSolution
		SolutionGuid = {8262847F-F9FD-450F-A85C-260501420274}
	EndGlobalSection
EndGlobal
